
Microsoft Visual Studio Solution File, Format Version 12.00
# Visual Studio Version 17
VisualStudioVersion = 17.7.34024.191
MinimumVisualStudioVersion = 10.0.40219.1
Project("{FAE04EC0-301F-11D3-BF4B-00C04F79EFBC}") = "Bookshope", "Bookshope\Bookshope.csproj", "{76A64F4B-B48C-498F-B27A-8F4AF3F59758}"
EndProject
Global
	GlobalSection(SolutionConfigurationPlatforms) = preSolution
		Debug|Any CPU = Debug|Any CPU
		Release|Any CPU = Release|Any CPU
	EndGlobalSection
	GlobalSection(ProjectConfigurationPlatforms) = postSolution
		{76A64F4B-B48C-498F-B27A-8F4AF3F59758}.Debug|Any CPU.ActiveCfg = Debug|Any CPU
		{76A64F4B-B48C-498F-B27A-8F4AF3F59758}.Debug|Any CPU.Build.0 = Debug|Any CPU
		{76A64F4B-B48C-498F-B27A-8F4AF3F59758}.Release|Any CPU.ActiveCfg = Release|Any CPU
		{76A64F4B-B48C-498F-B27A-8F4AF3F59758}.Release|Any CPU.Build.0 = Release|Any CPU
	EndGlobalSection
	GlobalSection(SolutionProperties) = preSolution
		HideSolutionNode = FALSE
	EndGlobalSection
	GlobalSection(ExtensibilityGlobals) = postSolution
		SolutionGuid = {1B0D4400-9865-486D-9BAE-B36114188C6D}
	EndGlobalSection
EndGlobal
